{
  "lockfile-version": 1,
  "manifest": {
    "version": 1,
    "install": {
      "bashly": {
        "pkg-path": "bashly",
        "version": "1.2.6"
      },
      "gnumake": {
        "pkg-path": "gnumake",
        "version": "4.4.1"
      },
      "gum": {
        "pkg-path": "gum",
        "version": "0.14.5"
      },
      "just": {
        "pkg-path": "just",
        "version": "1.38.0"
      },
      "shellcheck": {
        "pkg-path": "shellcheck",
        "version": "0.10.0"
      },
      "yamllint": {
        "pkg-path": "yamllint",
        "version": "python3.12-yamllint-1.35.1"
      }
    },
    "hook": {},
    "profile": {},
    "options": {
      "systems": [
        "aarch64-darwin",
        "aarch64-linux",
        "x86_64-darwin",
        "x86_64-linux"
      ],
      "allow": {
        "licenses": []
      },
      "semver": {}
    }
  },
  "packages": [
    {
      "attr_path": "bashly",
      "broken": false,
      "derivation": "/nix/store/i9wax049glghahfrzmqqa57113y50qib-bashly-1.2.6.drv",
      "description": "Bash command line framework and CLI generator",
      "install_id": "bashly",
      "license": "MIT",
      "locked_url": "https://github.com/flox/nixpkgs?rev=130595eba61081acde9001f43de3248d8888ac4a",
      "name": "bashly-1.2.6",
      "pname": "bashly",
      "rev": "130595eba61081acde9001f43de3248d8888ac4a",
      "rev_count": 736170,
      "rev_date": "2025-01-10T15:43:18Z",
      "scrape_date": "2025-01-13T03:35:32Z",
      "stabilities": [
        "unstable"
      ],
      "unfree": false,
      "version": "1.2.6",
      "outputs_to_install": [
        "out"
      ],
      "outputs": {
        "out": "/nix/store/n431c2nabivqmjv6mdlx0vz51c0si7h2-bashly-1.2.6"
      },
      "system": "aarch64-darwin",
      "group": "toplevel",
      "priority": 5
    },
    {
      "attr_path": "bashly",
      "broken": false,
      "derivation": "/nix/store/h5rq81f37higxrh33y62v8sm18xxrxrr-bashly-1.2.6.drv",
      "description": "Bash command line framework and CLI generator",
      "install_id": "bashly",
      "license": "MIT",
      "locked_url": "https://github.com/flox/nixpkgs?rev=130595eba61081acde9001f43de3248d8888ac4a",
      "name": "bashly-1.2.6",
      "pname": "bashly",
      "rev": "130595eba61081acde9001f43de3248d8888ac4a",
      "rev_count": 736170,
      "rev_date": "2025-01-10T15:43:18Z",
      "scrape_date": "2025-01-13T03:35:32Z",
      "stabilities": [
        "unstable"
      ],
      "unfree": false,
      "version": "1.2.6",
      "outputs_to_install": [
        "out"
      ],
      "outputs": {
        "out": "/nix/store/0r9ahrxfm10jzw9rf9a5zn1plwfinzr5-bashly-1.2.6"
      },
      "system": "aarch64-linux",
      "group": "toplevel",
      "priority": 5
    },
    {
      "attr_path": "bashly",
      "broken": false,
      "derivation": "/nix/store/k4l5rk5haqad2h8yjvjklxmqdm5r0klx-bashly-1.2.6.drv",
      "description": "Bash command line framework and CLI generator",
      "install_id": "bashly",
      "license": "MIT",
      "locked_url": "https://github.com/flox/nixpkgs?rev=130595eba61081acde9001f43de3248d8888ac4a",
      "name": "bashly-1.2.6",
      "pname": "bashly",
      "rev": "130595eba61081acde9001f43de3248d8888ac4a",
      "rev_count": 736170,
      "rev_date": "2025-01-10T15:43:18Z",
      "scrape_date": "2025-01-13T03:35:32Z",
      "stabilities": [
        "unstable"
      ],
      "unfree": false,
      "version": "1.2.6",
      "outputs_to_install": [
        "out"
      ],
      "outputs": {
        "out": "/nix/store/644d2mxpj50lmwc7d30bj9j4453i5bhr-bashly-1.2.6"
      },
      "system": "x86_64-darwin",
      "group": "toplevel",
      "priority": 5
    },
    {
      "attr_path": "bashly",
      "broken": false,
      "derivation": "/nix/store/0z48xdkbg6fkklxi91q0lywzfsr3xwsr-bashly-1.2.6.drv",
      "description": "Bash command line framework and CLI generator",
      "install_id": "bashly",
      "license": "MIT",
      "locked_url": "https://github.com/flox/nixpkgs?rev=130595eba61081acde9001f43de3248d8888ac4a",
      "name": "bashly-1.2.6",
      "pname": "bashly",
      "rev": "130595eba61081acde9001f43de3248d8888ac4a",
      "rev_count": 736170,
      "rev_date": "2025-01-10T15:43:18Z",
      "scrape_date": "2025-01-13T03:35:32Z",
      "stabilities": [
        "unstable"
      ],
      "unfree": false,
      "version": "1.2.6",
      "outputs_to_install": [
        "out"
      ],
      "outputs": {
        "out": "/nix/store/3x2lz09dq5d2s1k3b2im7jjck9nm0584-bashly-1.2.6"
      },
      "system": "x86_64-linux",
      "group": "toplevel",
      "priority": 5
    },
    {
      "attr_path": "gnumake",
      "broken": false,
      "derivation": "/nix/store/wm2vndzq7rv5xf5nfv4rhvsi1qnjmrk7-gnumake-4.4.1.drv",
      "description": "Tool to control the generation of non-source files from sources",
      "install_id": "gnumake",
      "license": "GPL-3.0-or-later",
      "locked_url": "https://github.com/flox/nixpkgs?rev=130595eba61081acde9001f43de3248d8888ac4a",
      "name": "gnumake-4.4.1",
      "pname": "gnumake",
      "rev": "130595eba61081acde9001f43de3248d8888ac4a",
      "rev_count": 736170,
      "rev_date": "2025-01-10T15:43:18Z",
      "scrape_date": "2025-01-13T03:35:32Z",
      "stabilities": [
        "unstable"
      ],
      "unfree": false,
      "version": "4.4.1",
      "outputs_to_install": [
        "out",
        "man"
      ],
      "outputs": {
        "info": "/nix/store/8677qdd03vfyb4zl9jqa1l3gf5nn42l0-gnumake-4.4.1-info",
        "man": "/nix/store/8ndq9xqci1861y6fb97xgm90qxq3m9lj-gnumake-4.4.1-man",
        "out": "/nix/store/kz7hhivh19j3fswz9i5knbq3xwsy7sp5-gnumake-4.4.1"
      },
      "system": "aarch64-darwin",
      "group": "toplevel",
      "priority": 5
    },
    {
      "attr_path": "gnumake",
      "broken": false,
      "derivation": "/nix/store/zir2qbcs5di3nph357a1g8vyjs8fy6rw-gnumake-4.4.1.drv",
      "description": "Tool to control the generation of non-source files from sources",
      "install_id": "gnumake",
      "license": "GPL-3.0-or-later",
      "locked_url": "https://github.com/flox/nixpkgs?rev=130595eba61081acde9001f43de3248d8888ac4a",
      "name": "gnumake-4.4.1",
      "pname": "gnumake",
      "rev": "130595eba61081acde9001f43de3248d8888ac4a",
      "rev_count": 736170,
      "rev_date": "2025-01-10T15:43:18Z",
      "scrape_date": "2025-01-13T03:35:32Z",
      "stabilities": [
        "unstable"
      ],
      "unfree": false,
      "version": "4.4.1",
      "outputs_to_install": [
        "out",
        "man"
      ],
      "outputs": {
        "debug": "/nix/store/gfsbcjrv2lxgipzsn3a65flqll44ihis-gnumake-4.4.1-debug",
        "info": "/nix/store/hnkqb83x19qv9hwa8l5vkvv2y21yps32-gnumake-4.4.1-info",
        "man": "/nix/store/rim19s0wcffh71ma2bgm0hifpr71p3dz-gnumake-4.4.1-man",
        "out": "/nix/store/vdn3rar5zcrg0mh406h4abq3w2d12hy2-gnumake-4.4.1"
      },
      "system": "aarch64-linux",
      "group": "toplevel",
      "priority": 5
    },
    {
      "attr_path": "gnumake",
      "broken": false,
      "derivation": "/nix/store/rw7ky951qicqxr9maazhk9pbv2gr7yac-gnumake-4.4.1.drv",
      "description": "Tool to control the generation of non-source files from sources",
      "install_id": "gnumake",
      "license": "GPL-3.0-or-later",
      "locked_url": "https://github.com/flox/nixpkgs?rev=130595eba61081acde9001f43de3248d8888ac4a",
      "name": "gnumake-4.4.1",
      "pname": "gnumake",
      "rev": "130595eba61081acde9001f43de3248d8888ac4a",
      "rev_count": 736170,
      "rev_date": "2025-01-10T15:43:18Z",
      "scrape_date": "2025-01-13T03:35:32Z",
      "stabilities": [
        "unstable"
      ],
      "unfree": false,
      "version": "4.4.1",
      "outputs_to_install": [
        "out",
        "man"
      ],
      "outputs": {
        "info": "/nix/store/a0k03x1jwp180cwppi1yqd8h535p5ck6-gnumake-4.4.1-info",
        "man": "/nix/store/mfcp0r854jpqn1vckhycabla9mwzfsff-gnumake-4.4.1-man",
        "out": "/nix/store/i68j153lqxkvyhflqip2lqxy9zqsf6k2-gnumake-4.4.1"
      },
      "system": "x86_64-darwin",
      "group": "toplevel",
      "priority": 5
    },
    {
      "attr_path": "gnumake",
      "broken": false,
      "derivation": "/nix/store/cps3vhvvfbk1kcwd46mzf2jn3fcgjlcm-gnumake-4.4.1.drv",
      "description": "Tool to control the generation of non-source files from sources",
      "install_id": "gnumake",
      "license": "GPL-3.0-or-later",
      "locked_url": "https://github.com/flox/nixpkgs?rev=130595eba61081acde9001f43de3248d8888ac4a",
      "name": "gnumake-4.4.1",
      "pname": "gnumake",
      "rev": "130595eba61081acde9001f43de3248d8888ac4a",
      "rev_count": 736170,
      "rev_date": "2025-01-10T15:43:18Z",
      "scrape_date": "2025-01-13T03:35:32Z",
      "stabilities": [
        "unstable"
      ],
      "unfree": false,
      "version": "4.4.1",
      "outputs_to_install": [
        "out",
        "man"
      ],
      "outputs": {
        "debug": "/nix/store/6vzw9g0p9n5467agw5z4l68xbwpzr79x-gnumake-4.4.1-debug",
        "info": "/nix/store/1cw85sbjpl43k7qdwhpcmz63rq0f54jc-gnumake-4.4.1-info",
        "man": "/nix/store/4dwhf5vn36rxg6xk98qsswyhvzywqdh9-gnumake-4.4.1-man",
        "out": "/nix/store/nmj7y4f9zkbzsb51wbnbf2yksa4ncprj-gnumake-4.4.1"
      },
      "system": "x86_64-linux",
      "group": "toplevel",
      "priority": 5
    },
    {
      "attr_path": "gum",
      "broken": false,
      "derivation": "/nix/store/saqsc2cnrj5kdswscdl8f7za5pjh29f7-gum-0.14.5.drv",
      "description": "Tasty Bubble Gum for your shell",
      "install_id": "gum",
      "license": "MIT",
      "locked_url": "https://github.com/flox/nixpkgs?rev=130595eba61081acde9001f43de3248d8888ac4a",
      "name": "gum-0.14.5",
      "pname": "gum",
      "rev": "130595eba61081acde9001f43de3248d8888ac4a",
      "rev_count": 736170,
      "rev_date": "2025-01-10T15:43:18Z",
      "scrape_date": "2025-01-13T03:35:32Z",
      "stabilities": [
        "unstable"
      ],
      "unfree": false,
      "version": "0.14.5",
      "outputs_to_install": [
        "out"
      ],
      "outputs": {
        "out": "/nix/store/p87f1zvabjckkam5f8p5n8s0p9dy2z8d-gum-0.14.5"
      },
      "system": "aarch64-darwin",
      "group": "toplevel",
      "priority": 5
    },
    {
      "attr_path": "gum",
      "broken": false,
      "derivation": "/nix/store/gq0x16il396knlmncdmljqrgxmqj5vlx-gum-0.14.5.drv",
      "description": "Tasty Bubble Gum for your shell",
      "install_id": "gum",
      "license": "MIT",
      "locked_url": "https://github.com/flox/nixpkgs?rev=130595eba61081acde9001f43de3248d8888ac4a",
      "name": "gum-0.14.5",
      "pname": "gum",
      "rev": "130595eba61081acde9001f43de3248d8888ac4a",
      "rev_count": 736170,
      "rev_date": "2025-01-10T15:43:18Z",
      "scrape_date": "2025-01-13T03:35:32Z",
      "stabilities": [
        "unstable"
      ],
      "unfree": false,
      "version": "0.14.5",
      "outputs_to_install": [
        "out"
      ],
      "outputs": {
        "out": "/nix/store/i8ks7qinadmk77dmknnrpi4iczv8p8gj-gum-0.14.5"
      },
      "system": "aarch64-linux",
      "group": "toplevel",
      "priority": 5
    },
    {
      "attr_path": "gum",
      "broken": false,
      "derivation": "/nix/store/p9hjn7115d3ks9nd96zc5zj8wbfvm932-gum-0.14.5.drv",
      "description": "Tasty Bubble Gum for your shell",
      "install_id": "gum",
      "license": "MIT",
      "locked_url": "https://github.com/flox/nixpkgs?rev=130595eba61081acde9001f43de3248d8888ac4a",
      "name": "gum-0.14.5",
      "pname": "gum",
      "rev": "130595eba61081acde9001f43de3248d8888ac4a",
      "rev_count": 736170,
      "rev_date": "2025-01-10T15:43:18Z",
      "scrape_date": "2025-01-13T03:35:32Z",
      "stabilities": [
        "unstable"
      ],
      "unfree": false,
      "version": "0.14.5",
      "outputs_to_install": [
        "out"
      ],
      "outputs": {
        "out": "/nix/store/1s4jc1kmqksngyhanl76iibb19b7sd2v-gum-0.14.5"
      },
      "system": "x86_64-darwin",
      "group": "toplevel",
      "priority": 5
    },
    {
      "attr_path": "gum",
      "broken": false,
      "derivation": "/nix/store/xbrn20zfhm8w5cgjjzjcyv67g5k6kbdl-gum-0.14.5.drv",
      "description": "Tasty Bubble Gum for your shell",
      "install_id": "gum",
      "license": "MIT",
      "locked_url": "https://github.com/flox/nixpkgs?rev=130595eba61081acde9001f43de3248d8888ac4a",
      "name": "gum-0.14.5",
      "pname": "gum",
      "rev": "130595eba61081acde9001f43de3248d8888ac4a",
      "rev_count": 736170,
      "rev_date": "2025-01-10T15:43:18Z",
      "scrape_date": "2025-01-13T03:35:32Z",
      "stabilities": [
        "unstable"
      ],
      "unfree": false,
      "version": "0.14.5",
      "outputs_to_install": [
        "out"
      ],
      "outputs": {
        "out": "/nix/store/z96hiw9h45mph9qilm4hp4j4ncf19qbl-gum-0.14.5"
      },
      "system": "x86_64-linux",
      "group": "toplevel",
      "priority": 5
    },
    {
      "attr_path": "just",
      "broken": false,
      "derivation": "/nix/store/45d9w0p3c206mdrymlk9rrhl7rra5cy8-just-1.38.0.drv",
      "description": "Handy way to save and run project-specific commands",
      "install_id": "just",
      "license": "CC0-1.0",
      "locked_url": "https://github.com/flox/nixpkgs?rev=130595eba61081acde9001f43de3248d8888ac4a",
      "name": "just-1.38.0",
      "pname": "just",
      "rev": "130595eba61081acde9001f43de3248d8888ac4a",
      "rev_count": 736170,
      "rev_date": "2025-01-10T15:43:18Z",
      "scrape_date": "2025-01-13T03:35:32Z",
      "stabilities": [
        "unstable"
      ],
      "unfree": false,
      "version": "1.38.0",
      "outputs_to_install": [
        "out",
        "man"
      ],
      "outputs": {
        "doc": "/nix/store/ys7i8a3y8x0wpvpgjm1cg32vcmkvghaq-just-1.38.0-doc",
        "man": "/nix/store/4v2f2ilb558wldh4wl5iplhbqbwcs8x7-just-1.38.0-man",
        "out": "/nix/store/vsh8l0h4w2s2chhxnq3crggnqgajv8fr-just-1.38.0"
      },
      "system": "aarch64-darwin",
      "group": "toplevel",
      "priority": 5
    },
    {
      "attr_path": "just",
      "broken": false,
      "derivation": "/nix/store/vqz0fxiv5r4pvfkvf1l1bqz2xc3kicfr-just-1.38.0.drv",
      "description": "Handy way to save and run project-specific commands",
      "install_id": "just",
      "license": "CC0-1.0",
      "locked_url": "https://github.com/flox/nixpkgs?rev=130595eba61081acde9001f43de3248d8888ac4a",
      "name": "just-1.38.0",
      "pname": "just",
      "rev": "130595eba61081acde9001f43de3248d8888ac4a",
      "rev_count": 736170,
      "rev_date": "2025-01-10T15:43:18Z",
      "scrape_date": "2025-01-13T03:35:32Z",
      "stabilities": [
        "unstable"
      ],
      "unfree": false,
      "version": "1.38.0",
      "outputs_to_install": [
        "out",
        "man"
      ],
      "outputs": {
        "doc": "/nix/store/wdvhp7n1ll2r94bp1wq0nw9d7jsy9h5r-just-1.38.0-doc",
        "man": "/nix/store/b402yzxcpdldqafh9lh1vz10pifyyrm1-just-1.38.0-man",
        "out": "/nix/store/v9c5rvb1f5351vnfqw1dwrqnyr0zmwkl-just-1.38.0"
      },
      "system": "aarch64-linux",
      "group": "toplevel",
      "priority": 5
    },
    {
      "attr_path": "just",
      "broken": false,
      "derivation": "/nix/store/9db93z9yzr862q61vjyq5r0mx74jirwr-just-1.38.0.drv",
      "description": "Handy way to save and run project-specific commands",
      "install_id": "just",
      "license": "CC0-1.0",
      "locked_url": "https://github.com/flox/nixpkgs?rev=130595eba61081acde9001f43de3248d8888ac4a",
      "name": "just-1.38.0",
      "pname": "just",
      "rev": "130595eba61081acde9001f43de3248d8888ac4a",
      "rev_count": 736170,
      "rev_date": "2025-01-10T15:43:18Z",
      "scrape_date": "2025-01-13T03:35:32Z",
      "stabilities": [
        "unstable"
      ],
      "unfree": false,
      "version": "1.38.0",
      "outputs_to_install": [
        "out",
        "man"
      ],
      "outputs": {
        "doc": "/nix/store/1z00n6g7id3z5x4wgmxnpp0www1r9ah6-just-1.38.0-doc",
        "man": "/nix/store/g72x3fkmf25sa8gc3sh17wm2s14vk1zi-just-1.38.0-man",
        "out": "/nix/store/nrwx6y35zjj83shb7vj6nxl5a7ll7jfq-just-1.38.0"
      },
      "system": "x86_64-darwin",
      "group": "toplevel",
      "priority": 5
    },
    {
      "attr_path": "just",
      "broken": false,
      "derivation": "/nix/store/b2b4gdys6f07896qj4b5npjl0m2pmkzh-just-1.38.0.drv",
      "description": "Handy way to save and run project-specific commands",
      "install_id": "just",
      "license": "CC0-1.0",
      "locked_url": "https://github.com/flox/nixpkgs?rev=130595eba61081acde9001f43de3248d8888ac4a",
      "name": "just-1.38.0",
      "pname": "just",
      "rev": "130595eba61081acde9001f43de3248d8888ac4a",
      "rev_count": 736170,
      "rev_date": "2025-01-10T15:43:18Z",
      "scrape_date": "2025-01-13T03:35:32Z",
      "stabilities": [
        "unstable"
      ],
      "unfree": false,
      "version": "1.38.0",
      "outputs_to_install": [
        "out",
        "man"
      ],
      "outputs": {
        "doc": "/nix/store/lxn266hlm8ngl6r0bkz9bdc2g5iskqby-just-1.38.0-doc",
        "man": "/nix/store/kh82ps1zp22cv36l4w1r7pzv1rbzpmjz-just-1.38.0-man",
        "out": "/nix/store/8gfn54vq7r96i0jpdgbz4084b4n5if61-just-1.38.0"
      },
      "system": "x86_64-linux",
      "group": "toplevel",
      "priority": 5
    },
    {
      "attr_path": "shellcheck",
      "broken": false,
      "derivation": "/nix/store/54x1d4pllfylv4ml54242za7h3j6ms5w-shellcheck-0.10.0.drv",
      "description": "Shell script analysis tool",
      "install_id": "shellcheck",
      "license": "GPL-3.0-only",
      "locked_url": "https://github.com/flox/nixpkgs?rev=130595eba61081acde9001f43de3248d8888ac4a",
      "name": "shellcheck-0.10.0",
      "pname": "shellcheck",
      "rev": "130595eba61081acde9001f43de3248d8888ac4a",
      "rev_count": 736170,
      "rev_date": "2025-01-10T15:43:18Z",
      "scrape_date": "2025-01-13T03:35:32Z",
      "stabilities": [
        "unstable"
      ],
      "unfree": false,
      "version": "0.10.0",
      "outputs_to_install": [
        "bin",
        "man",
        "doc"
      ],
      "outputs": {
        "bin": "/nix/store/n2n09kxq2d077jfl4lsfdky68mfqljsp-shellcheck-0.10.0-bin",
        "doc": "/nix/store/qx18mj9h0h3yzzn9671ycv8i5f34wnfj-shellcheck-0.10.0-doc",
        "man": "/nix/store/2ffg4iskkjnqwspj5cnyc9r5fi5crqpi-shellcheck-0.10.0-man",
        "out": "/nix/store/rrq5w2sg6l23v4adqqzvhajl0hm6fij9-shellcheck-0.10.0"
      },
      "system": "aarch64-darwin",
      "group": "toplevel",
      "priority": 5
    },
    {
      "attr_path": "shellcheck",
      "broken": false,
      "derivation": "/nix/store/cx2iwb9y8b7gjcnpy3r9fid0hnzp0bwa-shellcheck-0.10.0.drv",
      "description": "Shell script analysis tool",
      "install_id": "shellcheck",
      "license": "GPL-3.0-only",
      "locked_url": "https://github.com/flox/nixpkgs?rev=130595eba61081acde9001f43de3248d8888ac4a",
      "name": "shellcheck-0.10.0",
      "pname": "shellcheck",
      "rev": "130595eba61081acde9001f43de3248d8888ac4a",
      "rev_count": 736170,
      "rev_date": "2025-01-10T15:43:18Z",
      "scrape_date": "2025-01-13T03:35:32Z",
      "stabilities": [
        "unstable"
      ],
      "unfree": false,
      "version": "0.10.0",
      "outputs_to_install": [
        "bin",
        "man",
        "doc"
      ],
      "outputs": {
        "bin": "/nix/store/d9pyyl4zz5vhdd1ja1rij8rvx4g2zr0q-shellcheck-0.10.0-bin",
        "doc": "/nix/store/ylrpz2sqh1fd4c1gc5qpqfaijzb4qcf8-shellcheck-0.10.0-doc",
        "man": "/nix/store/cyc84gzdk9jgnim7vhlkj2jyrzy3f6l0-shellcheck-0.10.0-man",
        "out": "/nix/store/b1dsjs45mfsv84lh7j7vvy9hii1m3irr-shellcheck-0.10.0"
      },
      "system": "aarch64-linux",
      "group": "toplevel",
      "priority": 5
    },
    {
      "attr_path": "shellcheck",
      "broken": false,
      "derivation": "/nix/store/lk92xjnxcfbdv682sqb3gal7wbmfarsy-shellcheck-0.10.0.drv",
      "description": "Shell script analysis tool",
      "install_id": "shellcheck",
      "license": "GPL-3.0-only",
      "locked_url": "https://github.com/flox/nixpkgs?rev=130595eba61081acde9001f43de3248d8888ac4a",
      "name": "shellcheck-0.10.0",
      "pname": "shellcheck",
      "rev": "130595eba61081acde9001f43de3248d8888ac4a",
      "rev_count": 736170,
      "rev_date": "2025-01-10T15:43:18Z",
      "scrape_date": "2025-01-13T03:35:32Z",
      "stabilities": [
        "unstable"
      ],
      "unfree": false,
      "version": "0.10.0",
      "outputs_to_install": [
        "bin",
        "man",
        "doc"
      ],
      "outputs": {
        "bin": "/nix/store/l00pkvfjax8rs8if17ygwhaaw1279rx1-shellcheck-0.10.0-bin",
        "doc": "/nix/store/pzjhf3vkqgv8vss9z96mgrca53njyq3y-shellcheck-0.10.0-doc",
        "man": "/nix/store/xqcbch1l3h8wn9h154a02w34cyl6b7bi-shellcheck-0.10.0-man",
        "out": "/nix/store/fwj1zqqmikw8l625q5s5spy1jqx29dyr-shellcheck-0.10.0"
      },
      "system": "x86_64-darwin",
      "group": "toplevel",
      "priority": 5
    },
    {
      "attr_path": "shellcheck",
      "broken": false,
      "derivation": "/nix/store/knc8hckj9vbgr2i6pz35ah2fr8pc7az5-shellcheck-0.10.0.drv",
      "description": "Shell script analysis tool",
      "install_id": "shellcheck",
      "license": "GPL-3.0-only",
      "locked_url": "https://github.com/flox/nixpkgs?rev=130595eba61081acde9001f43de3248d8888ac4a",
      "name": "shellcheck-0.10.0",
      "pname": "shellcheck",
      "rev": "130595eba61081acde9001f43de3248d8888ac4a",
      "rev_count": 736170,
      "rev_date": "2025-01-10T15:43:18Z",
      "scrape_date": "2025-01-13T03:35:32Z",
      "stabilities": [
        "unstable"
      ],
      "unfree": false,
      "version": "0.10.0",
      "outputs_to_install": [
        "bin",
        "man",
        "doc"
      ],
      "outputs": {
        "bin": "/nix/store/g6fx0dy7203d6b9mcm366wqjlvgjk4bg-shellcheck-0.10.0-bin",
        "doc": "/nix/store/blxfb83f55nwpyad301pdxddadid5x6s-shellcheck-0.10.0-doc",
        "man": "/nix/store/b6df9qlddfzy8a6aqcnyysdpja2cd1mv-shellcheck-0.10.0-man",
        "out": "/nix/store/6qxij2ij5b5hisqhyssdx019slgkqpnn-shellcheck-0.10.0"
      },
      "system": "x86_64-linux",
      "group": "toplevel",
      "priority": 5
    },
    {
      "attr_path": "yamllint",
      "broken": false,
      "derivation": "/nix/store/yzpl0mm35fm53bnbgjxy8hq4mlpfsm6v-python3.12-yamllint-1.35.1.drv",
      "description": "Linter for YAML files",
      "install_id": "yamllint",
      "license": "GPL-3.0-or-later",
      "locked_url": "https://github.com/flox/nixpkgs?rev=130595eba61081acde9001f43de3248d8888ac4a",
      "name": "python3.12-yamllint-1.35.1",
      "pname": "yamllint",
      "rev": "130595eba61081acde9001f43de3248d8888ac4a",
      "rev_count": 736170,
      "rev_date": "2025-01-10T15:43:18Z",
      "scrape_date": "2025-01-13T03:35:32Z",
      "stabilities": [
        "unstable"
      ],
      "unfree": false,
      "version": "python3.12-yamllint-1.35.1",
      "outputs_to_install": [
        "out"
      ],
      "outputs": {
        "dist": "/nix/store/0h54cmwyz2d6axldh6894dj8hwavyarc-python3.12-yamllint-1.35.1-dist",
        "out": "/nix/store/f119sg47lh576bj7s83rmfdphwjxykkq-python3.12-yamllint-1.35.1"
      },
      "system": "aarch64-darwin",
      "group": "toplevel",
      "priority": 5
    },
    {
      "attr_path": "yamllint",
      "broken": false,
      "derivation": "/nix/store/ggnl3s50cxqkppdhfrkk4l0qznp7pshl-python3.12-yamllint-1.35.1.drv",
      "description": "Linter for YAML files",
      "install_id": "yamllint",
      "license": "GPL-3.0-or-later",
      "locked_url": "https://github.com/flox/nixpkgs?rev=130595eba61081acde9001f43de3248d8888ac4a",
      "name": "python3.12-yamllint-1.35.1",
      "pname": "yamllint",
      "rev": "130595eba61081acde9001f43de3248d8888ac4a",
      "rev_count": 736170,
      "rev_date": "2025-01-10T15:43:18Z",
      "scrape_date": "2025-01-13T03:35:32Z",
      "stabilities": [
        "unstable"
      ],
      "unfree": false,
      "version": "python3.12-yamllint-1.35.1",
      "outputs_to_install": [
        "out"
      ],
      "outputs": {
        "dist": "/nix/store/3kiidcnnizy76d8hly4nmwjwig597wwk-python3.12-yamllint-1.35.1-dist",
        "out": "/nix/store/3zgl49ap4wlg6h9g5r9m8lhwys8v566q-python3.12-yamllint-1.35.1"
      },
      "system": "aarch64-linux",
      "group": "toplevel",
      "priority": 5
    },
    {
      "attr_path": "yamllint",
      "broken": false,
      "derivation": "/nix/store/pgjrhwxq3c8h8f0rw1cl6m0fhi0firvm-python3.12-yamllint-1.35.1.drv",
      "description": "Linter for YAML files",
      "install_id": "yamllint",
      "license": "GPL-3.0-or-later",
      "locked_url": "https://github.com/flox/nixpkgs?rev=130595eba61081acde9001f43de3248d8888ac4a",
      "name": "python3.12-yamllint-1.35.1",
      "pname": "yamllint",
      "rev": "130595eba61081acde9001f43de3248d8888ac4a",
      "rev_count": 736170,
      "rev_date": "2025-01-10T15:43:18Z",
      "scrape_date": "2025-01-13T03:35:32Z",
      "stabilities": [
        "unstable"
      ],
      "unfree": false,
      "version": "python3.12-yamllint-1.35.1",
      "outputs_to_install": [
        "out"
      ],
      "outputs": {
        "dist": "/nix/store/xf8h6cs767i3yw417sivr8sy27jpszrl-python3.12-yamllint-1.35.1-dist",
        "out": "/nix/store/jx6wrsl5scdggdq9j79vdr4pygirp7c3-python3.12-yamllint-1.35.1"
      },
      "system": "x86_64-darwin",
      "group": "toplevel",
      "priority": 5
    },
    {
      "attr_path": "yamllint",
      "broken": false,
      "derivation": "/nix/store/fqfd4g1744dyhxzwbj1n8ydxcap9f2ls-python3.12-yamllint-1.35.1.drv",
      "description": "Linter for YAML files",
      "install_id": "yamllint",
      "license": "GPL-3.0-or-later",
      "locked_url": "https://github.com/flox/nixpkgs?rev=130595eba61081acde9001f43de3248d8888ac4a",
      "name": "python3.12-yamllint-1.35.1",
      "pname": "yamllint",
      "rev": "130595eba61081acde9001f43de3248d8888ac4a",
      "rev_count": 736170,
      "rev_date": "2025-01-10T15:43:18Z",
      "scrape_date": "2025-01-13T03:35:32Z",
      "stabilities": [
        "unstable"
      ],
      "unfree": false,
      "version": "python3.12-yamllint-1.35.1",
      "outputs_to_install": [
        "out"
      ],
      "outputs": {
        "dist": "/nix/store/jrcv8wi52hb9rv84c01hayvjz2kfiwpf-python3.12-yamllint-1.35.1-dist",
        "out": "/nix/store/67dhdiaxkryhr9bwyg7lfpmljcghvjwb-python3.12-yamllint-1.35.1"
      },
      "system": "x86_64-linux",
      "group": "toplevel",
      "priority": 5
    }
  ]
}