{
  "lockfile-version": 1,
  "manifest": {
    "version": 1,
    "install": {
      "bashly": {
        "pkg-path": "bashly",
        "version": "1.2.6"
      },
      "gnumake": {
        "pkg-path": "gnumake",
        "version": "4.4.1"
      },
      "gum": {
        "pkg-path": "gum",
        "version": "0.14.5"
      },
      "just": {
        "pkg-path": "just",
        "version": "1.38.0"
      },
      "shellcheck": {
        "pkg-path": "shellcheck",
        "version": "0.10.0"
      },
      "yamllint": {
        "pkg-path": "yamllint",
        "version": "python3.12-yamllint-1.35.1"
      }
    },
    "hook": {},
    "profile": {},
    "options": {
      "systems": [
        "aarch64-darwin",
        "aarch64-linux",
        "x86_64-darwin",
        "x86_64-linux"
      ],
      "allow": {
        "licenses": []
      },
      "semver": {}
    }
  },
  "packages": [
    {
      "attr_path": "bashly",
      "broken": false,
      "derivation": "/nix/store/vdy30m5xp6x0d3fsnzl589f0pg558blk-bashly-1.2.6.drv",
      "description": "Bash command line framework and CLI generator",
      "install_id": "bashly",
      "license": "MIT",
      "locked_url": "https://github.com/flox/nixpkgs?rev=9e4d5190a9482a1fb9d18adf0bdb83c6e506eaab",
      "name": "bashly-1.2.6",
      "pname": "bashly",
      "rev": "9e4d5190a9482a1fb9d18adf0bdb83c6e506eaab",
      "rev_count": 742084,
      "rev_date": "2025-01-21T14:28:11Z",
      "scrape_date": "2025-01-23T00:15:48Z",
      "stabilities": [
        "unstable"
      ],
      "unfree": false,
      "version": "1.2.6",
      "outputs_to_install": [
        "out"
      ],
      "outputs": {
        "out": "/nix/store/8h8mdsx0j9bhm7bz102cg9nkwmiz3kam-bashly-1.2.6"
      },
      "system": "aarch64-darwin",
      "group": "toplevel",
      "priority": 5
    },
    {
      "attr_path": "bashly",
      "broken": false,
      "derivation": "/nix/store/s9jsgknycy2c694p44k7z3gg9ycm84p7-bashly-1.2.6.drv",
      "description": "Bash command line framework and CLI generator",
      "install_id": "bashly",
      "license": "MIT",
      "locked_url": "https://github.com/flox/nixpkgs?rev=9e4d5190a9482a1fb9d18adf0bdb83c6e506eaab",
      "name": "bashly-1.2.6",
      "pname": "bashly",
      "rev": "9e4d5190a9482a1fb9d18adf0bdb83c6e506eaab",
      "rev_count": 742084,
      "rev_date": "2025-01-21T14:28:11Z",
      "scrape_date": "2025-01-23T00:15:48Z",
      "stabilities": [
        "unstable"
      ],
      "unfree": false,
      "version": "1.2.6",
      "outputs_to_install": [
        "out"
      ],
      "outputs": {
        "out": "/nix/store/fzabaz705zl3p2id58gkd04hrkvhyy58-bashly-1.2.6"
      },
      "system": "aarch64-linux",
      "group": "toplevel",
      "priority": 5
    },
    {
      "attr_path": "bashly",
      "broken": false,
      "derivation": "/nix/store/3rwwdkqss2gns5kc0m6wlmgd84xwcy4c-bashly-1.2.6.drv",
      "description": "Bash command line framework and CLI generator",
      "install_id": "bashly",
      "license": "MIT",
      "locked_url": "https://github.com/flox/nixpkgs?rev=9e4d5190a9482a1fb9d18adf0bdb83c6e506eaab",
      "name": "bashly-1.2.6",
      "pname": "bashly",
      "rev": "9e4d5190a9482a1fb9d18adf0bdb83c6e506eaab",
      "rev_count": 742084,
      "rev_date": "2025-01-21T14:28:11Z",
      "scrape_date": "2025-01-23T00:15:48Z",
      "stabilities": [
        "unstable"
      ],
      "unfree": false,
      "version": "1.2.6",
      "outputs_to_install": [
        "out"
      ],
      "outputs": {
        "out": "/nix/store/c2czbd4yyfrc7nv2pln7yfgc8hinb53z-bashly-1.2.6"
      },
      "system": "x86_64-darwin",
      "group": "toplevel",
      "priority": 5
    },
    {
      "attr_path": "bashly",
      "broken": false,
      "derivation": "/nix/store/bpghy8fa42dygbsnpiylbvf6x4bn9k3k-bashly-1.2.6.drv",
      "description": "Bash command line framework and CLI generator",
      "install_id": "bashly",
      "license": "MIT",
      "locked_url": "https://github.com/flox/nixpkgs?rev=9e4d5190a9482a1fb9d18adf0bdb83c6e506eaab",
      "name": "bashly-1.2.6",
      "pname": "bashly",
      "rev": "9e4d5190a9482a1fb9d18adf0bdb83c6e506eaab",
      "rev_count": 742084,
      "rev_date": "2025-01-21T14:28:11Z",
      "scrape_date": "2025-01-23T00:15:48Z",
      "stabilities": [
        "unstable"
      ],
      "unfree": false,
      "version": "1.2.6",
      "outputs_to_install": [
        "out"
      ],
      "outputs": {
        "out": "/nix/store/f7hr977bgvp1zmv4mgvbhr0blg5h8bxi-bashly-1.2.6"
      },
      "system": "x86_64-linux",
      "group": "toplevel",
      "priority": 5
    },
    {
      "attr_path": "gnumake",
      "broken": false,
      "derivation": "/nix/store/df484krm1m82nxzyqfwz0saclnwfk059-gnumake-4.4.1.drv",
      "description": "Tool to control the generation of non-source files from sources",
      "install_id": "gnumake",
      "license": "GPL-3.0-or-later",
      "locked_url": "https://github.com/flox/nixpkgs?rev=9e4d5190a9482a1fb9d18adf0bdb83c6e506eaab",
      "name": "gnumake-4.4.1",
      "pname": "gnumake",
      "rev": "9e4d5190a9482a1fb9d18adf0bdb83c6e506eaab",
      "rev_count": 742084,
      "rev_date": "2025-01-21T14:28:11Z",
      "scrape_date": "2025-01-23T00:15:48Z",
      "stabilities": [
        "unstable"
      ],
      "unfree": false,
      "version": "4.4.1",
      "outputs_to_install": [
        "out",
        "man"
      ],
      "outputs": {
        "info": "/nix/store/4mafcvbla79xbj2fz6i1minp5lzswxpd-gnumake-4.4.1-info",
        "man": "/nix/store/dwxn1hp17lavlpxrgbd3pli3xrrlcwbf-gnumake-4.4.1-man",
        "out": "/nix/store/lgwqlms7xmi8blp2859r44kjacr5zxh4-gnumake-4.4.1"
      },
      "system": "aarch64-darwin",
      "group": "toplevel",
      "priority": 5
    },
    {
      "attr_path": "gnumake",
      "broken": false,
      "derivation": "/nix/store/4v1gdn9s62c0kdz78lx4wl40dazkcv6n-gnumake-4.4.1.drv",
      "description": "Tool to control the generation of non-source files from sources",
      "install_id": "gnumake",
      "license": "GPL-3.0-or-later",
      "locked_url": "https://github.com/flox/nixpkgs?rev=9e4d5190a9482a1fb9d18adf0bdb83c6e506eaab",
      "name": "gnumake-4.4.1",
      "pname": "gnumake",
      "rev": "9e4d5190a9482a1fb9d18adf0bdb83c6e506eaab",
      "rev_count": 742084,
      "rev_date": "2025-01-21T14:28:11Z",
      "scrape_date": "2025-01-23T00:15:48Z",
      "stabilities": [
        "unstable"
      ],
      "unfree": false,
      "version": "4.4.1",
      "outputs_to_install": [
        "out",
        "man"
      ],
      "outputs": {
        "debug": "/nix/store/rvl823mgrpnd086jgi3v96vh12ghkcvd-gnumake-4.4.1-debug",
        "info": "/nix/store/spf1ilhshgxpwqaybd4wbb302al98ws4-gnumake-4.4.1-info",
        "man": "/nix/store/ax9cdx1w6jj511q0vlhh313qf3gmvg13-gnumake-4.4.1-man",
        "out": "/nix/store/zrsbdqh6l91d978fdavi7hvpmb2ihw99-gnumake-4.4.1"
      },
      "system": "aarch64-linux",
      "group": "toplevel",
      "priority": 5
    },
    {
      "attr_path": "gnumake",
      "broken": false,
      "derivation": "/nix/store/mfa0d1bxmycv0xfqf1wm5l5bwvxn810x-gnumake-4.4.1.drv",
      "description": "Tool to control the generation of non-source files from sources",
      "install_id": "gnumake",
      "license": "GPL-3.0-or-later",
      "locked_url": "https://github.com/flox/nixpkgs?rev=9e4d5190a9482a1fb9d18adf0bdb83c6e506eaab",
      "name": "gnumake-4.4.1",
      "pname": "gnumake",
      "rev": "9e4d5190a9482a1fb9d18adf0bdb83c6e506eaab",
      "rev_count": 742084,
      "rev_date": "2025-01-21T14:28:11Z",
      "scrape_date": "2025-01-23T00:15:48Z",
      "stabilities": [
        "unstable"
      ],
      "unfree": false,
      "version": "4.4.1",
      "outputs_to_install": [
        "out",
        "man"
      ],
      "outputs": {
        "info": "/nix/store/rjyq24zm3l6q0s6pv2c1aapx7mbfaz50-gnumake-4.4.1-info",
        "man": "/nix/store/y99mf9qv9kbbxcwb9l187h3y4khhmjyc-gnumake-4.4.1-man",
        "out": "/nix/store/85rlha3lfj2l14c9d0fz3k0crvps3baw-gnumake-4.4.1"
      },
      "system": "x86_64-darwin",
      "group": "toplevel",
      "priority": 5
    },
    {
      "attr_path": "gnumake",
      "broken": false,
      "derivation": "/nix/store/h45x4lwrvipwdqm1gb8vyqclvkwgbzwf-gnumake-4.4.1.drv",
      "description": "Tool to control the generation of non-source files from sources",
      "install_id": "gnumake",
      "license": "GPL-3.0-or-later",
      "locked_url": "https://github.com/flox/nixpkgs?rev=9e4d5190a9482a1fb9d18adf0bdb83c6e506eaab",
      "name": "gnumake-4.4.1",
      "pname": "gnumake",
      "rev": "9e4d5190a9482a1fb9d18adf0bdb83c6e506eaab",
      "rev_count": 742084,
      "rev_date": "2025-01-21T14:28:11Z",
      "scrape_date": "2025-01-23T00:15:48Z",
      "stabilities": [
        "unstable"
      ],
      "unfree": false,
      "version": "4.4.1",
      "outputs_to_install": [
        "out",
        "man"
      ],
      "outputs": {
        "debug": "/nix/store/70idd90xklk1iah6c3xyb1kgrc86hj42-gnumake-4.4.1-debug",
        "info": "/nix/store/jxg6sn1ang81pyp3l66i8c0gncnkdhdh-gnumake-4.4.1-info",
        "man": "/nix/store/ndg9b34ayibwwf7z0i2vajgh3kxyk43r-gnumake-4.4.1-man",
        "out": "/nix/store/lsy9s0skv65xhprr9yhmig2c844qgi5f-gnumake-4.4.1"
      },
      "system": "x86_64-linux",
      "group": "toplevel",
      "priority": 5
    },
    {
      "attr_path": "gum",
      "broken": false,
      "derivation": "/nix/store/8n0labp3m7za7azv53f6yfps5ifc0pfl-gum-0.14.5.drv",
      "description": "Tasty Bubble Gum for your shell",
      "install_id": "gum",
      "license": "MIT",
      "locked_url": "https://github.com/flox/nixpkgs?rev=9e4d5190a9482a1fb9d18adf0bdb83c6e506eaab",
      "name": "gum-0.14.5",
      "pname": "gum",
      "rev": "9e4d5190a9482a1fb9d18adf0bdb83c6e506eaab",
      "rev_count": 742084,
      "rev_date": "2025-01-21T14:28:11Z",
      "scrape_date": "2025-01-23T00:15:48Z",
      "stabilities": [
        "unstable"
      ],
      "unfree": false,
      "version": "0.14.5",
      "outputs_to_install": [
        "out"
      ],
      "outputs": {
        "out": "/nix/store/8ll1vyz1qj1n551icmnr52yblf2y57yd-gum-0.14.5"
      },
      "system": "aarch64-darwin",
      "group": "toplevel",
      "priority": 5
    },
    {
      "attr_path": "gum",
      "broken": false,
      "derivation": "/nix/store/7rm5j6xfgb7z552cvbdaxhvjdgg12d5r-gum-0.14.5.drv",
      "description": "Tasty Bubble Gum for your shell",
      "install_id": "gum",
      "license": "MIT",
      "locked_url": "https://github.com/flox/nixpkgs?rev=9e4d5190a9482a1fb9d18adf0bdb83c6e506eaab",
      "name": "gum-0.14.5",
      "pname": "gum",
      "rev": "9e4d5190a9482a1fb9d18adf0bdb83c6e506eaab",
      "rev_count": 742084,
      "rev_date": "2025-01-21T14:28:11Z",
      "scrape_date": "2025-01-23T00:15:48Z",
      "stabilities": [
        "unstable"
      ],
      "unfree": false,
      "version": "0.14.5",
      "outputs_to_install": [
        "out"
      ],
      "outputs": {
        "out": "/nix/store/grlkv28clq587zfv398cdga67yci0xp1-gum-0.14.5"
      },
      "system": "aarch64-linux",
      "group": "toplevel",
      "priority": 5
    },
    {
      "attr_path": "gum",
      "broken": false,
      "derivation": "/nix/store/vgsn25lfv75rnhfnwa04wx8xm68z80sv-gum-0.14.5.drv",
      "description": "Tasty Bubble Gum for your shell",
      "install_id": "gum",
      "license": "MIT",
      "locked_url": "https://github.com/flox/nixpkgs?rev=9e4d5190a9482a1fb9d18adf0bdb83c6e506eaab",
      "name": "gum-0.14.5",
      "pname": "gum",
      "rev": "9e4d5190a9482a1fb9d18adf0bdb83c6e506eaab",
      "rev_count": 742084,
      "rev_date": "2025-01-21T14:28:11Z",
      "scrape_date": "2025-01-23T00:15:48Z",
      "stabilities": [
        "unstable"
      ],
      "unfree": false,
      "version": "0.14.5",
      "outputs_to_install": [
        "out"
      ],
      "outputs": {
        "out": "/nix/store/xig0syqgpam9vlam4zr5xka6sj0a2ss0-gum-0.14.5"
      },
      "system": "x86_64-darwin",
      "group": "toplevel",
      "priority": 5
    },
    {
      "attr_path": "gum",
      "broken": false,
      "derivation": "/nix/store/pbahvb6vvamnr3c4jba3hf6myawcdxyp-gum-0.14.5.drv",
      "description": "Tasty Bubble Gum for your shell",
      "install_id": "gum",
      "license": "MIT",
      "locked_url": "https://github.com/flox/nixpkgs?rev=9e4d5190a9482a1fb9d18adf0bdb83c6e506eaab",
      "name": "gum-0.14.5",
      "pname": "gum",
      "rev": "9e4d5190a9482a1fb9d18adf0bdb83c6e506eaab",
      "rev_count": 742084,
      "rev_date": "2025-01-21T14:28:11Z",
      "scrape_date": "2025-01-23T00:15:48Z",
      "stabilities": [
        "unstable"
      ],
      "unfree": false,
      "version": "0.14.5",
      "outputs_to_install": [
        "out"
      ],
      "outputs": {
        "out": "/nix/store/y5m3h1r4zsgxy95g41cif5lxnnml1pkp-gum-0.14.5"
      },
      "system": "x86_64-linux",
      "group": "toplevel",
      "priority": 5
    },
    {
      "attr_path": "just",
      "broken": false,
      "derivation": "/nix/store/2ckpdl5sllflgm434rzmbn1cy3qllaxk-just-1.38.0.drv",
      "description": "Handy way to save and run project-specific commands",
      "install_id": "just",
      "license": "CC0-1.0",
      "locked_url": "https://github.com/flox/nixpkgs?rev=9e4d5190a9482a1fb9d18adf0bdb83c6e506eaab",
      "name": "just-1.38.0",
      "pname": "just",
      "rev": "9e4d5190a9482a1fb9d18adf0bdb83c6e506eaab",
      "rev_count": 742084,
      "rev_date": "2025-01-21T14:28:11Z",
      "scrape_date": "2025-01-23T00:15:48Z",
      "stabilities": [
        "unstable"
      ],
      "unfree": false,
      "version": "1.38.0",
      "outputs_to_install": [
        "out",
        "man"
      ],
      "outputs": {
        "doc": "/nix/store/xyad34p9y594s9jvria8mjn62arzr7m9-just-1.38.0-doc",
        "man": "/nix/store/af1f28dhcr6rbsbwl6hmq8nn49ff427d-just-1.38.0-man",
        "out": "/nix/store/n8sm1rfnrph6jla4i3nx7mkhswgx02vf-just-1.38.0"
      },
      "system": "aarch64-darwin",
      "group": "toplevel",
      "priority": 5
    },
    {
      "attr_path": "just",
      "broken": false,
      "derivation": "/nix/store/yg42d2ribidmsf6g7bwnw227mdb7pv6w-just-1.38.0.drv",
      "description": "Handy way to save and run project-specific commands",
      "install_id": "just",
      "license": "CC0-1.0",
      "locked_url": "https://github.com/flox/nixpkgs?rev=9e4d5190a9482a1fb9d18adf0bdb83c6e506eaab",
      "name": "just-1.38.0",
      "pname": "just",
      "rev": "9e4d5190a9482a1fb9d18adf0bdb83c6e506eaab",
      "rev_count": 742084,
      "rev_date": "2025-01-21T14:28:11Z",
      "scrape_date": "2025-01-23T00:15:48Z",
      "stabilities": [
        "unstable"
      ],
      "unfree": false,
      "version": "1.38.0",
      "outputs_to_install": [
        "out",
        "man"
      ],
      "outputs": {
        "doc": "/nix/store/97b06v3cql0f34x8hxs2mp9c4spmp6mp-just-1.38.0-doc",
        "man": "/nix/store/lpqpizw5yrbw3vmf3a0jbqs65114ixk1-just-1.38.0-man",
        "out": "/nix/store/ns136v5wws9nsm4a2jq1k91q4lp9glai-just-1.38.0"
      },
      "system": "aarch64-linux",
      "group": "toplevel",
      "priority": 5
    },
    {
      "attr_path": "just",
      "broken": false,
      "derivation": "/nix/store/95m6ha1dk0a7ayyg1zghhgvqpxw8k3n1-just-1.38.0.drv",
      "description": "Handy way to save and run project-specific commands",
      "install_id": "just",
      "license": "CC0-1.0",
      "locked_url": "https://github.com/flox/nixpkgs?rev=9e4d5190a9482a1fb9d18adf0bdb83c6e506eaab",
      "name": "just-1.38.0",
      "pname": "just",
      "rev": "9e4d5190a9482a1fb9d18adf0bdb83c6e506eaab",
      "rev_count": 742084,
      "rev_date": "2025-01-21T14:28:11Z",
      "scrape_date": "2025-01-23T00:15:48Z",
      "stabilities": [
        "unstable"
      ],
      "unfree": false,
      "version": "1.38.0",
      "outputs_to_install": [
        "out",
        "man"
      ],
      "outputs": {
        "doc": "/nix/store/q7azhbcajjnnbkv7vppd801qymwnpzv0-just-1.38.0-doc",
        "man": "/nix/store/x5152cb3wy0s9dpbk8573rnjv7ni9z4n-just-1.38.0-man",
        "out": "/nix/store/b2ny7whdq0w3h0p1prglmjl7p3smy856-just-1.38.0"
      },
      "system": "x86_64-darwin",
      "group": "toplevel",
      "priority": 5
    },
    {
      "attr_path": "just",
      "broken": false,
      "derivation": "/nix/store/c0zc2fgpifxsr2qp5hd4j541dsmr897g-just-1.38.0.drv",
      "description": "Handy way to save and run project-specific commands",
      "install_id": "just",
      "license": "CC0-1.0",
      "locked_url": "https://github.com/flox/nixpkgs?rev=9e4d5190a9482a1fb9d18adf0bdb83c6e506eaab",
      "name": "just-1.38.0",
      "pname": "just",
      "rev": "9e4d5190a9482a1fb9d18adf0bdb83c6e506eaab",
      "rev_count": 742084,
      "rev_date": "2025-01-21T14:28:11Z",
      "scrape_date": "2025-01-23T00:15:48Z",
      "stabilities": [
        "unstable"
      ],
      "unfree": false,
      "version": "1.38.0",
      "outputs_to_install": [
        "out",
        "man"
      ],
      "outputs": {
        "doc": "/nix/store/kfnz1csa7yj6yrzi9rbh7yy629j9gns5-just-1.38.0-doc",
        "man": "/nix/store/gfjgll67z6slm5ldyy8c8x330f24icwp-just-1.38.0-man",
        "out": "/nix/store/kw7flxw5g779g1g5c6ri0pf4nfbyh5wd-just-1.38.0"
      },
      "system": "x86_64-linux",
      "group": "toplevel",
      "priority": 5
    },
    {
      "attr_path": "shellcheck",
      "broken": false,
      "derivation": "/nix/store/ns3m8mzadbclyl0x32wg9gdvszxf7k3y-shellcheck-0.10.0.drv",
      "description": "Shell script analysis tool",
      "install_id": "shellcheck",
      "license": "GPL-3.0-only",
      "locked_url": "https://github.com/flox/nixpkgs?rev=9e4d5190a9482a1fb9d18adf0bdb83c6e506eaab",
      "name": "shellcheck-0.10.0",
      "pname": "shellcheck",
      "rev": "9e4d5190a9482a1fb9d18adf0bdb83c6e506eaab",
      "rev_count": 742084,
      "rev_date": "2025-01-21T14:28:11Z",
      "scrape_date": "2025-01-23T00:15:48Z",
      "stabilities": [
        "unstable"
      ],
      "unfree": false,
      "version": "0.10.0",
      "outputs_to_install": [
        "bin",
        "man",
        "doc"
      ],
      "outputs": {
        "bin": "/nix/store/3dxs66z95mafvn1dsqhg4f0zlz8b4cqv-shellcheck-0.10.0-bin",
        "doc": "/nix/store/y1jpdlkaxxsgj6xikq1zlw81mdn3la43-shellcheck-0.10.0-doc",
        "man": "/nix/store/jvv73bnrkjyq2c615i0ck9svl6pf0k2g-shellcheck-0.10.0-man",
        "out": "/nix/store/9gd0zysiiq4m4mxxvnxr73ic2h99a7a1-shellcheck-0.10.0"
      },
      "system": "aarch64-darwin",
      "group": "toplevel",
      "priority": 5
    },
    {
      "attr_path": "shellcheck",
      "broken": false,
      "derivation": "/nix/store/lf5angdqlly1s5sq2r6063h53z74zxsi-shellcheck-0.10.0.drv",
      "description": "Shell script analysis tool",
      "install_id": "shellcheck",
      "license": "GPL-3.0-only",
      "locked_url": "https://github.com/flox/nixpkgs?rev=9e4d5190a9482a1fb9d18adf0bdb83c6e506eaab",
      "name": "shellcheck-0.10.0",
      "pname": "shellcheck",
      "rev": "9e4d5190a9482a1fb9d18adf0bdb83c6e506eaab",
      "rev_count": 742084,
      "rev_date": "2025-01-21T14:28:11Z",
      "scrape_date": "2025-01-23T00:15:48Z",
      "stabilities": [
        "unstable"
      ],
      "unfree": false,
      "version": "0.10.0",
      "outputs_to_install": [
        "bin",
        "man",
        "doc"
      ],
      "outputs": {
        "bin": "/nix/store/pp14gcfz5kgzlmxkjyb0s3dxb7kkz3ip-shellcheck-0.10.0-bin",
        "doc": "/nix/store/5m7p5y631k6972i7caii9y6pkvqp6rmx-shellcheck-0.10.0-doc",
        "man": "/nix/store/md7b3jwq12xir40q745ym8jygsayybc0-shellcheck-0.10.0-man",
        "out": "/nix/store/ggfpagl406bgsyqdq44x15mz1y50rbfz-shellcheck-0.10.0"
      },
      "system": "aarch64-linux",
      "group": "toplevel",
      "priority": 5
    },
    {
      "attr_path": "shellcheck",
      "broken": false,
      "derivation": "/nix/store/iz85qla7bwnll1xmg2cwg3zanxllgrsl-shellcheck-0.10.0.drv",
      "description": "Shell script analysis tool",
      "install_id": "shellcheck",
      "license": "GPL-3.0-only",
      "locked_url": "https://github.com/flox/nixpkgs?rev=9e4d5190a9482a1fb9d18adf0bdb83c6e506eaab",
      "name": "shellcheck-0.10.0",
      "pname": "shellcheck",
      "rev": "9e4d5190a9482a1fb9d18adf0bdb83c6e506eaab",
      "rev_count": 742084,
      "rev_date": "2025-01-21T14:28:11Z",
      "scrape_date": "2025-01-23T00:15:48Z",
      "stabilities": [
        "unstable"
      ],
      "unfree": false,
      "version": "0.10.0",
      "outputs_to_install": [
        "bin",
        "man",
        "doc"
      ],
      "outputs": {
        "bin": "/nix/store/2wfg86v5m65843ac5ndxh49lkgz0ra62-shellcheck-0.10.0-bin",
        "doc": "/nix/store/169a6625l5jwkkm4kmdsn9jwh7g6r5xi-shellcheck-0.10.0-doc",
        "man": "/nix/store/j0ac5q3f8amcjlv7mpnarpc489kcmwch-shellcheck-0.10.0-man",
        "out": "/nix/store/qvwdimh65m17vim2pyasv35vnxa4xngp-shellcheck-0.10.0"
      },
      "system": "x86_64-darwin",
      "group": "toplevel",
      "priority": 5
    },
    {
      "attr_path": "shellcheck",
      "broken": false,
      "derivation": "/nix/store/jmvz2kiliw9rcd5rvzg2qr0mjif579rs-shellcheck-0.10.0.drv",
      "description": "Shell script analysis tool",
      "install_id": "shellcheck",
      "license": "GPL-3.0-only",
      "locked_url": "https://github.com/flox/nixpkgs?rev=9e4d5190a9482a1fb9d18adf0bdb83c6e506eaab",
      "name": "shellcheck-0.10.0",
      "pname": "shellcheck",
      "rev": "9e4d5190a9482a1fb9d18adf0bdb83c6e506eaab",
      "rev_count": 742084,
      "rev_date": "2025-01-21T14:28:11Z",
      "scrape_date": "2025-01-23T00:15:48Z",
      "stabilities": [
        "unstable"
      ],
      "unfree": false,
      "version": "0.10.0",
      "outputs_to_install": [
        "bin",
        "man",
        "doc"
      ],
      "outputs": {
        "bin": "/nix/store/d578igb56crc28zrx914mqxbc88djhk5-shellcheck-0.10.0-bin",
        "doc": "/nix/store/qsis93k3w3aa092v94jk0d7sykfch2li-shellcheck-0.10.0-doc",
        "man": "/nix/store/dz7qklqp1cbjpjcnghwd347z9fc5wmyz-shellcheck-0.10.0-man",
        "out": "/nix/store/izcpyz4chn72321vxi0g4m2cfk8a4m28-shellcheck-0.10.0"
      },
      "system": "x86_64-linux",
      "group": "toplevel",
      "priority": 5
    },
    {
      "attr_path": "yamllint",
      "broken": false,
      "derivation": "/nix/store/klknmwlf3fxx095ddnrydbyv7ygcl953-python3.12-yamllint-1.35.1.drv",
      "description": "Linter for YAML files",
      "install_id": "yamllint",
      "license": "GPL-3.0-or-later",
      "locked_url": "https://github.com/flox/nixpkgs?rev=9e4d5190a9482a1fb9d18adf0bdb83c6e506eaab",
      "name": "python3.12-yamllint-1.35.1",
      "pname": "yamllint",
      "rev": "9e4d5190a9482a1fb9d18adf0bdb83c6e506eaab",
      "rev_count": 742084,
      "rev_date": "2025-01-21T14:28:11Z",
      "scrape_date": "2025-01-23T00:15:48Z",
      "stabilities": [
        "unstable"
      ],
      "unfree": false,
      "version": "python3.12-yamllint-1.35.1",
      "outputs_to_install": [
        "out"
      ],
      "outputs": {
        "dist": "/nix/store/22vzn06fx5yzgfn80ka77fj0hy45nb23-python3.12-yamllint-1.35.1-dist",
        "out": "/nix/store/jlcrw184bxcbqcs6igjwal55425xxcm9-python3.12-yamllint-1.35.1"
      },
      "system": "aarch64-darwin",
      "group": "toplevel",
      "priority": 5
    },
    {
      "attr_path": "yamllint",
      "broken": false,
      "derivation": "/nix/store/p6zz7jvcz6vm488pz2nsc3z5qvlv30f2-python3.12-yamllint-1.35.1.drv",
      "description": "Linter for YAML files",
      "install_id": "yamllint",
      "license": "GPL-3.0-or-later",
      "locked_url": "https://github.com/flox/nixpkgs?rev=9e4d5190a9482a1fb9d18adf0bdb83c6e506eaab",
      "name": "python3.12-yamllint-1.35.1",
      "pname": "yamllint",
      "rev": "9e4d5190a9482a1fb9d18adf0bdb83c6e506eaab",
      "rev_count": 742084,
      "rev_date": "2025-01-21T14:28:11Z",
      "scrape_date": "2025-01-23T00:15:48Z",
      "stabilities": [
        "unstable"
      ],
      "unfree": false,
      "version": "python3.12-yamllint-1.35.1",
      "outputs_to_install": [
        "out"
      ],
      "outputs": {
        "dist": "/nix/store/wqc08x7gsly5imchhifp079q8sgrpc5a-python3.12-yamllint-1.35.1-dist",
        "out": "/nix/store/6vzl6v6m6wrlv78xpw4bq38hidkcvscv-python3.12-yamllint-1.35.1"
      },
      "system": "aarch64-linux",
      "group": "toplevel",
      "priority": 5
    },
    {
      "attr_path": "yamllint",
      "broken": false,
      "derivation": "/nix/store/whh0jsg9xby74dbkxhav6i3fvmfnsz35-python3.12-yamllint-1.35.1.drv",
      "description": "Linter for YAML files",
      "install_id": "yamllint",
      "license": "GPL-3.0-or-later",
      "locked_url": "https://github.com/flox/nixpkgs?rev=9e4d5190a9482a1fb9d18adf0bdb83c6e506eaab",
      "name": "python3.12-yamllint-1.35.1",
      "pname": "yamllint",
      "rev": "9e4d5190a9482a1fb9d18adf0bdb83c6e506eaab",
      "rev_count": 742084,
      "rev_date": "2025-01-21T14:28:11Z",
      "scrape_date": "2025-01-23T00:15:48Z",
      "stabilities": [
        "unstable"
      ],
      "unfree": false,
      "version": "python3.12-yamllint-1.35.1",
      "outputs_to_install": [
        "out"
      ],
      "outputs": {
        "dist": "/nix/store/6jlj9r9jazvd9hnp9m6l3p4r9d1bihgm-python3.12-yamllint-1.35.1-dist",
        "out": "/nix/store/6idgrdfw4v396r10xj1wfj303ngxvq4d-python3.12-yamllint-1.35.1"
      },
      "system": "x86_64-darwin",
      "group": "toplevel",
      "priority": 5
    },
    {
      "attr_path": "yamllint",
      "broken": false,
      "derivation": "/nix/store/44i9rzddpcbcnzzlzmc0rv59nyy2amdj-python3.12-yamllint-1.35.1.drv",
      "description": "Linter for YAML files",
      "install_id": "yamllint",
      "license": "GPL-3.0-or-later",
      "locked_url": "https://github.com/flox/nixpkgs?rev=9e4d5190a9482a1fb9d18adf0bdb83c6e506eaab",
      "name": "python3.12-yamllint-1.35.1",
      "pname": "yamllint",
      "rev": "9e4d5190a9482a1fb9d18adf0bdb83c6e506eaab",
      "rev_count": 742084,
      "rev_date": "2025-01-21T14:28:11Z",
      "scrape_date": "2025-01-23T00:15:48Z",
      "stabilities": [
        "unstable"
      ],
      "unfree": false,
      "version": "python3.12-yamllint-1.35.1",
      "outputs_to_install": [
        "out"
      ],
      "outputs": {
        "dist": "/nix/store/s04aw0g043zlpn6dwvfbgd8jaa22idgx-python3.12-yamllint-1.35.1-dist",
        "out": "/nix/store/cz1y92gzhb2ldxz8jhfmfg84r99v15z1-python3.12-yamllint-1.35.1"
      },
      "system": "x86_64-linux",
      "group": "toplevel",
      "priority": 5
    }
  ]
}